
Microsoft Visual Studio Solution File, Format Version 12.00
Project("{FAE04EC0-301F-11D3-BF4B-00C04F79EFBC}") = "DZ 08.01.2024 Dapper", "DZ 08.01.2024 Dapper.csproj", "{B6CF9C98-50EA-48FA-8AD3-2F2F3C1D01B3}"
EndProject
Global
	GlobalSection(SolutionConfigurationPlatforms) = preSolution
		Debug|Any CPU = Debug|Any CPU
		Release|Any CPU = Release|Any CPU
	EndGlobalSection
	GlobalSection(ProjectConfigurationPlatforms) = postSolution
		{B6CF9C98-50EA-48FA-8AD3-2F2F3C1D01B3}.Debug|Any CPU.ActiveCfg = Debug|Any CPU
		{B6CF9C98-50EA-48FA-8AD3-2F2F3C1D01B3}.Debug|Any CPU.Build.0 = Debug|Any CPU
		{B6CF9C98-50EA-48FA-8AD3-2F2F3C1D01B3}.Release|Any CPU.ActiveCfg = Release|Any CPU
		{B6CF9C98-50EA-48FA-8AD3-2F2F3C1D01B3}.Release|Any CPU.Build.0 = Release|Any CPU
	EndGlobalSection
EndGlobal
