
Microsoft Visual Studio Solution File, Format Version 12.00
# Visual Studio Version 17
VisualStudioVersion = 17.7.34202.233
MinimumVisualStudioVersion = 10.0.40219.1
Project("{FAE04EC0-301F-11D3-BF4B-00C04F79EFBC}") = "DZ_19.09", "DZ_19.09\DZ_19.09.csproj", "{64F7561E-6260-447F-8AD2-76B5145AA1AF}"
EndProject
Global
	GlobalSection(SolutionConfigurationPlatforms) = preSolution
		Debug|Any CPU = Debug|Any CPU
		Release|Any CPU = Release|Any CPU
	EndGlobalSection
	GlobalSection(ProjectConfigurationPlatforms) = postSolution
		{64F7561E-6260-447F-8AD2-76B5145AA1AF}.Debug|Any CPU.ActiveCfg = Debug|Any CPU
		{64F7561E-6260-447F-8AD2-76B5145AA1AF}.Debug|Any CPU.Build.0 = Debug|Any CPU
		{64F7561E-6260-447F-8AD2-76B5145AA1AF}.Release|Any CPU.ActiveCfg = Release|Any CPU
		{64F7561E-6260-447F-8AD2-76B5145AA1AF}.Release|Any CPU.Build.0 = Release|Any CPU
	EndGlobalSection
	GlobalSection(SolutionProperties) = preSolution
		HideSolutionNode = FALSE
	EndGlobalSection
	GlobalSection(ExtensibilityGlobals) = postSolution
		SolutionGuid = {5386794C-51CC-4155-AF19-CFE8BC523CE4}
	EndGlobalSection
EndGlobal
