
Microsoft Visual Studio Solution File, Format Version 12.00
# Visual Studio Version 17
VisualStudioVersion = 17.7.34221.43
MinimumVisualStudioVersion = 10.0.40219.1
Project("{FAE04EC0-301F-11D3-BF4B-00C04F79EFBC}") = "DZ_05_12", "DZ_05_12\DZ_05_12.csproj", "{370067F7-6D3F-49AF-B6A1-F8743F100FA8}"
EndProject
Global
	GlobalSection(SolutionConfigurationPlatforms) = preSolution
		Debug|Any CPU = Debug|Any CPU
		Release|Any CPU = Release|Any CPU
	EndGlobalSection
	GlobalSection(ProjectConfigurationPlatforms) = postSolution
		{370067F7-6D3F-49AF-B6A1-F8743F100FA8}.Debug|Any CPU.ActiveCfg = Debug|Any CPU
		{370067F7-6D3F-49AF-B6A1-F8743F100FA8}.Debug|Any CPU.Build.0 = Debug|Any CPU
		{370067F7-6D3F-49AF-B6A1-F8743F100FA8}.Release|Any CPU.ActiveCfg = Release|Any CPU
		{370067F7-6D3F-49AF-B6A1-F8743F100FA8}.Release|Any CPU.Build.0 = Release|Any CPU
	EndGlobalSection
	GlobalSection(SolutionProperties) = preSolution
		HideSolutionNode = FALSE
	EndGlobalSection
	GlobalSection(ExtensibilityGlobals) = postSolution
		SolutionGuid = {67DCEB21-575C-43FE-9714-9BD934D2AEC7}
	EndGlobalSection
EndGlobal
