
Microsoft Visual Studio Solution File, Format Version 12.00
# Visual Studio Version 17
VisualStudioVersion = 17.9.34607.119
MinimumVisualStudioVersion = 10.0.40219.1
Project("{FAE04EC0-301F-11D3-BF4B-00C04F79EFBC}") = "NumbersGenerator", "NumbersGenerator\NumbersGenerator.csproj", "{BAD40541-C12F-4C57-A714-306F241B5D84}"
EndProject
Global
	GlobalSection(SolutionConfigurationPlatforms) = preSolution
		Debug|Any CPU = Debug|Any CPU
		Release|Any CPU = Release|Any CPU
	EndGlobalSection
	GlobalSection(ProjectConfigurationPlatforms) = postSolution
		{BAD40541-C12F-4C57-A714-306F241B5D84}.Debug|Any CPU.ActiveCfg = Debug|Any CPU
		{BAD40541-C12F-4C57-A714-306F241B5D84}.Debug|Any CPU.Build.0 = Debug|Any CPU
		{BAD40541-C12F-4C57-A714-306F241B5D84}.Release|Any CPU.ActiveCfg = Release|Any CPU
		{BAD40541-C12F-4C57-A714-306F241B5D84}.Release|Any CPU.Build.0 = Release|Any CPU
	EndGlobalSection
	GlobalSection(SolutionProperties) = preSolution
		HideSolutionNode = FALSE
	EndGlobalSection
	GlobalSection(ExtensibilityGlobals) = postSolution
		SolutionGuid = {DA6BFFC4-DEFF-4826-8997-C9756B62ED6D}
	EndGlobalSection
EndGlobal
