
Microsoft Visual Studio Solution File, Format Version 12.00
# Visual Studio Version 17
VisualStudioVersion = 17.7.34202.233
MinimumVisualStudioVersion = 10.0.40219.1
Project("{FAE04EC0-301F-11D3-BF4B-00C04F79EFBC}") = "MonefyApp", "MonefyApp\MonefyApp.csproj", "{669262EA-952F-4E80-B0C2-F69533B2E241}"
EndProject
Global
	GlobalSection(SolutionConfigurationPlatforms) = preSolution
		Debug|Any CPU = Debug|Any CPU
		Release|Any CPU = Release|Any CPU
	EndGlobalSection
	GlobalSection(ProjectConfigurationPlatforms) = postSolution
		{669262EA-952F-4E80-B0C2-F69533B2E241}.Debug|Any CPU.ActiveCfg = Debug|Any CPU
		{669262EA-952F-4E80-B0C2-F69533B2E241}.Debug|Any CPU.Build.0 = Debug|Any CPU
		{669262EA-952F-4E80-B0C2-F69533B2E241}.Release|Any CPU.ActiveCfg = Release|Any CPU
		{669262EA-952F-4E80-B0C2-F69533B2E241}.Release|Any CPU.Build.0 = Release|Any CPU
	EndGlobalSection
	GlobalSection(SolutionProperties) = preSolution
		HideSolutionNode = FALSE
	EndGlobalSection
	GlobalSection(ExtensibilityGlobals) = postSolution
		SolutionGuid = {2C047129-2D66-4012-8E91-A077AB33D3C3}
	EndGlobalSection
EndGlobal
