
Microsoft Visual Studio Solution File, Format Version 12.00
# Visual Studio Version 17
VisualStudioVersion = 17.7.34221.43
MinimumVisualStudioVersion = 10.0.40219.1
Project("{FAE04EC0-301F-11D3-BF4B-00C04F79EFBC}") = "DZ_14_12(State)", "DZ_14_12(State)\DZ_14_12(State).csproj", "{9DA37220-0D87-4B04-B365-80F002E5FE77}"
EndProject
Global
	GlobalSection(SolutionConfigurationPlatforms) = preSolution
		Debug|Any CPU = Debug|Any CPU
		Release|Any CPU = Release|Any CPU
	EndGlobalSection
	GlobalSection(ProjectConfigurationPlatforms) = postSolution
		{9DA37220-0D87-4B04-B365-80F002E5FE77}.Debug|Any CPU.ActiveCfg = Debug|Any CPU
		{9DA37220-0D87-4B04-B365-80F002E5FE77}.Debug|Any CPU.Build.0 = Debug|Any CPU
		{9DA37220-0D87-4B04-B365-80F002E5FE77}.Release|Any CPU.ActiveCfg = Release|Any CPU
		{9DA37220-0D87-4B04-B365-80F002E5FE77}.Release|Any CPU.Build.0 = Release|Any CPU
	EndGlobalSection
	GlobalSection(SolutionProperties) = preSolution
		HideSolutionNode = FALSE
	EndGlobalSection
	GlobalSection(ExtensibilityGlobals) = postSolution
		SolutionGuid = {F35BA276-7004-451B-99AE-659774A50C86}
	EndGlobalSection
EndGlobal
